
Microsoft Visual Studio Solution File, Format Version 12.00
# Visual Studio Version 16
VisualStudioVersion = 16.0.31702.278
MinimumVisualStudioVersion = 10.0.40219.1
Project("{9A19103F-16F7-4668-BE54-9A1E7A4F7556}") = "SecureVast", "SecureVast\SecureVast.csproj", "{374CE38B-BF1A-4BF3-B56C-45A97C1CA710}"
EndProject
Project("{9A19103F-16F7-4668-BE54-9A1E7A4F7556}") = "SecureVast.SDK", "SecureVast.SDK\SecureVast.SDK.csproj", "{92D62A83-D598-4DE8-88A0-113188656F12}"
EndProject
Project("{9A19103F-16F7-4668-BE54-9A1E7A4F7556}") = "SecureVast.Translation", "SecureVast.Translation\SecureVast.Translation.csproj", "{5CB34BBE-D054-4BC5-A64A-37B35A7F6990}"
EndProject
Project("{C7167F0D-BC9F-4E6E-AFE1-012C56B48DB5}") = "SecureVast.UWP", "SecureVast.UWP\SecureVast.UWP.wapproj", "{3D34DBC9-F0EE-4EAE-BE3A-21BF1C37D0E5}"
	ProjectSection(ProjectDependencies) = postProject
		{374CE38B-BF1A-4BF3-B56C-45A97C1CA710} = {374CE38B-BF1A-4BF3-B56C-45A97C1CA710}
	EndProjectSection
EndProject
Global
	GlobalSection(SolutionConfigurationPlatforms) = preSolution
		Debug|Any CPU = Debug|Any CPU
		Debug|ARM = Debug|ARM
		Debug|ARM64 = Debug|ARM64
		Debug|x64 = Debug|x64
		Debug|x86 = Debug|x86
		Release|Any CPU = Release|Any CPU
		Release|ARM = Release|ARM
		Release|ARM64 = Release|ARM64
		Release|x64 = Release|x64
		Release|x86 = Release|x86
	EndGlobalSection
	GlobalSection(ProjectConfigurationPlatforms) = postSolution
		{374CE38B-BF1A-4BF3-B56C-45A97C1CA710}.Debug|Any CPU.ActiveCfg = Debug|Any CPU
		{374CE38B-BF1A-4BF3-B56C-45A97C1CA710}.Debug|Any CPU.Build.0 = Debug|Any CPU
		{374CE38B-BF1A-4BF3-B56C-45A97C1CA710}.Debug|ARM.ActiveCfg = Debug|Any CPU
		{374CE38B-BF1A-4BF3-B56C-45A97C1CA710}.Debug|ARM.Build.0 = Debug|Any CPU
		{374CE38B-BF1A-4BF3-B56C-45A97C1CA710}.Debug|ARM64.ActiveCfg = Debug|Any CPU
		{374CE38B-BF1A-4BF3-B56C-45A97C1CA710}.Debug|ARM64.Build.0 = Debug|Any CPU
		{374CE38B-BF1A-4BF3-B56C-45A97C1CA710}.Debug|x64.ActiveCfg = Debug|Any CPU
		{374CE38B-BF1A-4BF3-B56C-45A97C1CA710}.Debug|x64.Build.0 = Debug|Any CPU
		{374CE38B-BF1A-4BF3-B56C-45A97C1CA710}.Debug|x86.ActiveCfg = Debug|Any CPU
		{374CE38B-BF1A-4BF3-B56C-45A97C1CA710}.Debug|x86.Build.0 = Debug|Any CPU
		{374CE38B-BF1A-4BF3-B56C-45A97C1CA710}.Release|Any CPU.ActiveCfg = Release|Any CPU
		{374CE38B-BF1A-4BF3-B56C-45A97C1CA710}.Release|Any CPU.Build.0 = Release|Any CPU
		{374CE38B-BF1A-4BF3-B56C-45A97C1CA710}.Release|ARM.ActiveCfg = Release|Any CPU
		{374CE38B-BF1A-4BF3-B56C-45A97C1CA710}.Release|ARM.Build.0 = Release|Any CPU
		{374CE38B-BF1A-4BF3-B56C-45A97C1CA710}.Release|ARM64.ActiveCfg = Release|Any CPU
		{374CE38B-BF1A-4BF3-B56C-45A97C1CA710}.Release|ARM64.Build.0 = Release|Any CPU
		{374CE38B-BF1A-4BF3-B56C-45A97C1CA710}.Release|x64.ActiveCfg = Release|Any CPU
		{374CE38B-BF1A-4BF3-B56C-45A97C1CA710}.Release|x64.Build.0 = Release|Any CPU
		{374CE38B-BF1A-4BF3-B56C-45A97C1CA710}.Release|x86.ActiveCfg = Release|Any CPU
		{374CE38B-BF1A-4BF3-B56C-45A97C1CA710}.Release|x86.Build.0 = Release|Any CPU
		{92D62A83-D598-4DE8-88A0-113188656F12}.Debug|Any CPU.ActiveCfg = Debug|Any CPU
		{92D62A83-D598-4DE8-88A0-113188656F12}.Debug|Any CPU.Build.0 = Debug|Any CPU
		{92D62A83-D598-4DE8-88A0-113188656F12}.Debug|ARM.ActiveCfg = Debug|Any CPU
		{92D62A83-D598-4DE8-88A0-113188656F12}.Debug|ARM.Build.0 = Debug|Any CPU
		{92D62A83-D598-4DE8-88A0-113188656F12}.Debug|ARM64.ActiveCfg = Debug|Any CPU
		{92D62A83-D598-4DE8-88A0-113188656F12}.Debug|ARM64.Build.0 = Debug|Any CPU
		{92D62A83-D598-4DE8-88A0-113188656F12}.Debug|x64.ActiveCfg = Debug|Any CPU
		{92D62A83-D598-4DE8-88A0-113188656F12}.Debug|x64.Build.0 = Debug|Any CPU
		{92D62A83-D598-4DE8-88A0-113188656F12}.Debug|x86.ActiveCfg = Debug|Any CPU
		{92D62A83-D598-4DE8-88A0-113188656F12}.Debug|x86.Build.0 = Debug|Any CPU
		{92D62A83-D598-4DE8-88A0-113188656F12}.Release|Any CPU.ActiveCfg = Release|Any CPU
		{92D62A83-D598-4DE8-88A0-113188656F12}.Release|Any CPU.Build.0 = Release|Any CPU
		{92D62A83-D598-4DE8-88A0-113188656F12}.Release|ARM.ActiveCfg = Release|Any CPU
		{92D62A83-D598-4DE8-88A0-113188656F12}.Release|ARM.Build.0 = Release|Any CPU
		{92D62A83-D598-4DE8-88A0-113188656F12}.Release|ARM64.ActiveCfg = Release|Any CPU
		{92D62A83-D598-4DE8-88A0-113188656F12}.Release|ARM64.Build.0 = Release|Any CPU
		{92D62A83-D598-4DE8-88A0-113188656F12}.Release|x64.ActiveCfg = Release|Any CPU
		{92D62A83-D598-4DE8-88A0-113188656F12}.Release|x64.Build.0 = Release|Any CPU
		{92D62A83-D598-4DE8-88A0-113188656F12}.Release|x86.ActiveCfg = Release|Any CPU
		{92D62A83-D598-4DE8-88A0-113188656F12}.Release|x86.Build.0 = Release|Any CPU
		{5CB34BBE-D054-4BC5-A64A-37B35A7F6990}.Debug|Any CPU.ActiveCfg = Debug|Any CPU
		{5CB34BBE-D054-4BC5-A64A-37B35A7F6990}.Debug|Any CPU.Build.0 = Debug|Any CPU
		{5CB34BBE-D054-4BC5-A64A-37B35A7F6990}.Debug|ARM.ActiveCfg = Debug|Any CPU
		{5CB34BBE-D054-4BC5-A64A-37B35A7F6990}.Debug|ARM.Build.0 = Debug|Any CPU
		{5CB34BBE-D054-4BC5-A64A-37B35A7F6990}.Debug|ARM64.ActiveCfg = Debug|Any CPU
		{5CB34BBE-D054-4BC5-A64A-37B35A7F6990}.Debug|ARM64.Build.0 = Debug|Any CPU
		{5CB34BBE-D054-4BC5-A64A-37B35A7F6990}.Debug|x64.ActiveCfg = Debug|Any CPU
		{5CB34BBE-D054-4BC5-A64A-37B35A7F6990}.Debug|x64.Build.0 = Debug|Any CPU
		{5CB34BBE-D054-4BC5-A64A-37B35A7F6990}.Debug|x86.ActiveCfg = Debug|Any CPU
		{5CB34BBE-D054-4BC5-A64A-37B35A7F6990}.Debug|x86.Build.0 = Debug|Any CPU
		{5CB34BBE-D054-4BC5-A64A-37B35A7F6990}.Release|Any CPU.ActiveCfg = Release|Any CPU
		{5CB34BBE-D054-4BC5-A64A-37B35A7F6990}.Release|Any CPU.Build.0 = Release|Any CPU
		{5CB34BBE-D054-4BC5-A64A-37B35A7F6990}.Release|ARM.ActiveCfg = Release|Any CPU
		{5CB34BBE-D054-4BC5-A64A-37B35A7F6990}.Release|ARM.Build.0 = Release|Any CPU
		{5CB34BBE-D054-4BC5-A64A-37B35A7F6990}.Release|ARM64.ActiveCfg = Release|Any CPU
		{5CB34BBE-D054-4BC5-A64A-37B35A7F6990}.Release|ARM64.Build.0 = Release|Any CPU
		{5CB34BBE-D054-4BC5-A64A-37B35A7F6990}.Release|x64.ActiveCfg = Release|Any CPU
		{5CB34BBE-D054-4BC5-A64A-37B35A7F6990}.Release|x64.Build.0 = Release|Any CPU
		{5CB34BBE-D054-4BC5-A64A-37B35A7F6990}.Release|x86.ActiveCfg = Release|Any CPU
		{5CB34BBE-D054-4BC5-A64A-37B35A7F6990}.Release|x86.Build.0 = Release|Any CPU
		{3D34DBC9-F0EE-4EAE-BE3A-21BF1C37D0E5}.Debug|Any CPU.ActiveCfg = Debug|Any CPU
		{3D34DBC9-F0EE-4EAE-BE3A-21BF1C37D0E5}.Debug|Any CPU.Build.0 = Debug|Any CPU
		{3D34DBC9-F0EE-4EAE-BE3A-21BF1C37D0E5}.Debug|Any CPU.Deploy.0 = Debug|Any CPU
		{3D34DBC9-F0EE-4EAE-BE3A-21BF1C37D0E5}.Debug|ARM.ActiveCfg = Debug|ARM
		{3D34DBC9-F0EE-4EAE-BE3A-21BF1C37D0E5}.Debug|ARM.Build.0 = Debug|ARM
		{3D34DBC9-F0EE-4EAE-BE3A-21BF1C37D0E5}.Debug|ARM.Deploy.0 = Debug|ARM
		{3D34DBC9-F0EE-4EAE-BE3A-21BF1C37D0E5}.Debug|ARM64.ActiveCfg = Debug|ARM64
		{3D34DBC9-F0EE-4EAE-BE3A-21BF1C37D0E5}.Debug|ARM64.Build.0 = Debug|ARM64
		{3D34DBC9-F0EE-4EAE-BE3A-21BF1C37D0E5}.Debug|ARM64.Deploy.0 = Debug|ARM64
		{3D34DBC9-F0EE-4EAE-BE3A-21BF1C37D0E5}.Debug|x64.ActiveCfg = Debug|x64
		{3D34DBC9-F0EE-4EAE-BE3A-21BF1C37D0E5}.Debug|x64.Build.0 = Debug|x64
		{3D34DBC9-F0EE-4EAE-BE3A-21BF1C37D0E5}.Debug|x64.Deploy.0 = Debug|x64
		{3D34DBC9-F0EE-4EAE-BE3A-21BF1C37D0E5}.Debug|x86.ActiveCfg = Debug|x86
		{3D34DBC9-F0EE-4EAE-BE3A-21BF1C37D0E5}.Debug|x86.Build.0 = Debug|x86
		{3D34DBC9-F0EE-4EAE-BE3A-21BF1C37D0E5}.Debug|x86.Deploy.0 = Debug|x86
		{3D34DBC9-F0EE-4EAE-BE3A-21BF1C37D0E5}.Release|Any CPU.ActiveCfg = Release|Any CPU
		{3D34DBC9-F0EE-4EAE-BE3A-21BF1C37D0E5}.Release|Any CPU.Build.0 = Release|Any CPU
		{3D34DBC9-F0EE-4EAE-BE3A-21BF1C37D0E5}.Release|Any CPU.Deploy.0 = Release|Any CPU
		{3D34DBC9-F0EE-4EAE-BE3A-21BF1C37D0E5}.Release|ARM.ActiveCfg = Release|ARM
		{3D34DBC9-F0EE-4EAE-BE3A-21BF1C37D0E5}.Release|ARM.Build.0 = Release|ARM
		{3D34DBC9-F0EE-4EAE-BE3A-21BF1C37D0E5}.Release|ARM.Deploy.0 = Release|ARM
		{3D34DBC9-F0EE-4EAE-BE3A-21BF1C37D0E5}.Release|ARM64.ActiveCfg = Release|ARM64
		{3D34DBC9-F0EE-4EAE-BE3A-21BF1C37D0E5}.Release|ARM64.Build.0 = Release|ARM64
		{3D34DBC9-F0EE-4EAE-BE3A-21BF1C37D0E5}.Release|ARM64.Deploy.0 = Release|ARM64
		{3D34DBC9-F0EE-4EAE-BE3A-21BF1C37D0E5}.Release|x64.ActiveCfg = Release|x64
		{3D34DBC9-F0EE-4EAE-BE3A-21BF1C37D0E5}.Release|x64.Build.0 = Release|x64
		{3D34DBC9-F0EE-4EAE-BE3A-21BF1C37D0E5}.Release|x64.Deploy.0 = Release|x64
		{3D34DBC9-F0EE-4EAE-BE3A-21BF1C37D0E5}.Release|x86.ActiveCfg = Release|x86
		{3D34DBC9-F0EE-4EAE-BE3A-21BF1C37D0E5}.Release|x86.Build.0 = Release|x86
		{3D34DBC9-F0EE-4EAE-BE3A-21BF1C37D0E5}.Release|x86.Deploy.0 = Release|x86
	EndGlobalSection
	GlobalSection(SolutionProperties) = preSolution
		HideSolutionNode = FALSE
	EndGlobalSection
	GlobalSection(ExtensibilityGlobals) = postSolution
		SolutionGuid = {9479C08C-BF39-441E-AA09-ACD9C8EB1585}
		RESX_AutoCreateNewLanguageFiles = True
		RESX_NeutralResourcesLanguage = en-US
	EndGlobalSection
EndGlobal
